
Microsoft Visual Studio Solution File, Format Version 12.00
# Visual Studio 15
VisualStudioVersion = 15.0.28307.960
MinimumVisualStudioVersion = 10.0.40219.1
Project("{FAE04EC0-301F-11D3-BF4B-00C04F79EFBC}") = "CurrencyApps", "CurrencyApps\CurrencyApps.csproj", "{47C97336-F8F4-4543-8CF6-AD5040AF5D4F}"
EndProject
Global
	GlobalSection(SolutionConfigurationPlatforms) = preSolution
		Debug|Any CPU = Debug|Any CPU
		Release|Any CPU = Release|Any CPU
	EndGlobalSection
	GlobalSection(ProjectConfigurationPlatforms) = postSolution
		{47C97336-F8F4-4543-8CF6-AD5040AF5D4F}.Debug|Any CPU.ActiveCfg = Debug|Any CPU
		{47C97336-F8F4-4543-8CF6-AD5040AF5D4F}.Debug|Any CPU.Build.0 = Debug|Any CPU
		{47C97336-F8F4-4543-8CF6-AD5040AF5D4F}.Release|Any CPU.ActiveCfg = Release|Any CPU
		{47C97336-F8F4-4543-8CF6-AD5040AF5D4F}.Release|Any CPU.Build.0 = Release|Any CPU
	EndGlobalSection
	GlobalSection(SolutionProperties) = preSolution
		HideSolutionNode = FALSE
	EndGlobalSection
	GlobalSection(ExtensibilityGlobals) = postSolution
		SolutionGuid = {FAD14002-92E2-4C37-8FC6-B15F8C714737}
	EndGlobalSection
EndGlobal
